
Microsoft Visual Studio Solution File, Format Version 12.00
# Visual Studio 2012
Project("{F2A71F9B-5D33-465A-A702-920D77279786}") = "Services", "Services\Services.fsproj", "{8A279150-9FEF-4882-AA01-7DA70F61C0E6}"
EndProject
Project("{F2A71F9B-5D33-465A-A702-920D77279786}") = "Assessments", "Assessments\Assessments.fsproj", "{727296EC-C9D8-47A0-9CBA-8918FC97D169}"
EndProject
Project("{F2A71F9B-5D33-465A-A702-920D77279786}") = "Registers", "Registers\Registers.fsproj", "{2544CDA6-CD36-4718-BF55-A9554CD95B03}"
EndProject
Global
	GlobalSection(SolutionConfigurationPlatforms) = preSolution
		Debug|Any CPU = Debug|Any CPU
		Release|Any CPU = Release|Any CPU
	EndGlobalSection
	GlobalSection(ProjectConfigurationPlatforms) = postSolution
		{8A279150-9FEF-4882-AA01-7DA70F61C0E6}.Debug|Any CPU.ActiveCfg = Debug|Any CPU
		{8A279150-9FEF-4882-AA01-7DA70F61C0E6}.Debug|Any CPU.Build.0 = Debug|Any CPU
		{8A279150-9FEF-4882-AA01-7DA70F61C0E6}.Release|Any CPU.ActiveCfg = Release|Any CPU
		{8A279150-9FEF-4882-AA01-7DA70F61C0E6}.Release|Any CPU.Build.0 = Release|Any CPU
		{727296EC-C9D8-47A0-9CBA-8918FC97D169}.Debug|Any CPU.ActiveCfg = Debug|Any CPU
		{727296EC-C9D8-47A0-9CBA-8918FC97D169}.Debug|Any CPU.Build.0 = Debug|Any CPU
		{727296EC-C9D8-47A0-9CBA-8918FC97D169}.Release|Any CPU.ActiveCfg = Release|Any CPU
		{727296EC-C9D8-47A0-9CBA-8918FC97D169}.Release|Any CPU.Build.0 = Release|Any CPU
		{2544CDA6-CD36-4718-BF55-A9554CD95B03}.Debug|Any CPU.ActiveCfg = Debug|Any CPU
		{2544CDA6-CD36-4718-BF55-A9554CD95B03}.Debug|Any CPU.Build.0 = Debug|Any CPU
		{2544CDA6-CD36-4718-BF55-A9554CD95B03}.Release|Any CPU.ActiveCfg = Release|Any CPU
		{2544CDA6-CD36-4718-BF55-A9554CD95B03}.Release|Any CPU.Build.0 = Release|Any CPU
	EndGlobalSection
	GlobalSection(SolutionProperties) = preSolution
		HideSolutionNode = FALSE
	EndGlobalSection
EndGlobal
